
Microsoft Visual Studio Solution File, Format Version 12.00
# Visual Studio Version 17
VisualStudioVersion = 17.9.34723.18
MinimumVisualStudioVersion = 10.0.40219.1
Project("{8BC9CEB8-8B4A-11D0-8D11-00A0C91BC942}") = "Data_Structure_HW01", "Data_Structure_HW01\Data_Structure_HW01.vcxproj", "{4975ECC6-486E-4599-8FEE-470806BB6917}"
EndProject
Global
	GlobalSection(SolutionConfigurationPlatforms) = preSolution
		Debug|x64 = Debug|x64
		Debug|x86 = Debug|x86
		Release|x64 = Release|x64
		Release|x86 = Release|x86
	EndGlobalSection
	GlobalSection(ProjectConfigurationPlatforms) = postSolution
		{4975ECC6-486E-4599-8FEE-470806BB6917}.Debug|x64.ActiveCfg = Debug|x64
		{4975ECC6-486E-4599-8FEE-470806BB6917}.Debug|x64.Build.0 = Debug|x64
		{4975ECC6-486E-4599-8FEE-470806BB6917}.Debug|x86.ActiveCfg = Debug|Win32
		{4975ECC6-486E-4599-8FEE-470806BB6917}.Debug|x86.Build.0 = Debug|Win32
		{4975ECC6-486E-4599-8FEE-470806BB6917}.Release|x64.ActiveCfg = Release|x64
		{4975ECC6-486E-4599-8FEE-470806BB6917}.Release|x64.Build.0 = Release|x64
		{4975ECC6-486E-4599-8FEE-470806BB6917}.Release|x86.ActiveCfg = Release|Win32
		{4975ECC6-486E-4599-8FEE-470806BB6917}.Release|x86.Build.0 = Release|Win32
	EndGlobalSection
	GlobalSection(SolutionProperties) = preSolution
		HideSolutionNode = FALSE
	EndGlobalSection
	GlobalSection(ExtensibilityGlobals) = postSolution
		SolutionGuid = {E048050F-0B03-46F6-9065-6B1CC9D96F1D}
	EndGlobalSection
EndGlobal
